// !$*UTF8*$!
{
	archiveVersion = 1;
	classes = {
	};
	objectVersion = 56;
	objects = {

/* Begin PBXBuildFile section */
		285BA4A92A1AEB9800E7C458 /* AppDelegate.swift in Sources */ = {isa = PBXBuildFile; fileRef = 285BA4A82A1AEB9800E7C458 /* AppDelegate.swift */; };
		285BA4AB2A1AEB9800E7C458 /* SceneDelegate.swift in Sources */ = {isa = PBXBuildFile; fileRef = 285BA4AA2A1AEB9800E7C458 /* SceneDelegate.swift */; };
		285BA4AD2A1AEB9800E7C458 /* ViewController.swift in Sources */ = {isa = PBXBuildFile; fileRef = 285BA4AC2A1AEB9800E7C458 /* ViewController.swift */; };
		285BA4B02A1AEB9800E7C458 /* Main.storyboard in Resources */ = {isa = PBXBuildFile; fileRef = 285BA4AE2A1AEB9800E7C458 /* Main.storyboard */; };
		285BA4B32A1AEB9800E7C458 /* CoreCloudApp.xcdatamodeld in Sources */ = {isa = PBXBuildFile; fileRef = 285BA4B12A1AEB9800E7C458 /* CoreCloudApp.xcdatamodeld */; };
		285BA4B52A1AEB9900E7C458 /* Assets.xcassets in Resources */ = {isa = PBXBuildFile; fileRef = 285BA4B42A1AEB9900E7C458 /* Assets.xcassets */; };
		285BA4B82A1AEB9900E7C458 /* LaunchScreen.storyboard in Resources */ = {isa = PBXBuildFile; fileRef = 285BA4B62A1AEB9900E7C458 /* LaunchScreen.storyboard */; };
/* End PBXBuildFile section */

/* Begin PBXFileReference section */
		285BA4A52A1AEB9800E7C458 /* CoreCloudApp.app */ = {isa = PBXFileReference; explicitFileType = wrapper.application; includeInIndex = 0; path = CoreCloudApp.app; sourceTree = BUILT_PRODUCTS_DIR; };
		285BA4A82A1AEB9800E7C458 /* AppDelegate.swift */ = {isa = PBXFileReference; lastKnownFileType = sourcecode.swift; path = AppDelegate.swift; sourceTree = "<group>"; };
		285BA4AA2A1AEB9800E7C458 /* SceneDelegate.swift */ = {isa = PBXFileReference; lastKnownFileType = sourcecode.swift; path = SceneDelegate.swift; sourceTree = "<group>"; };
		285BA4AC2A1AEB9800E7C458 /* ViewController.swift */ = {isa = PBXFileReference; lastKnownFileType = sourcecode.swift; path = ViewController.swift; sourceTree = "<group>"; };
		285BA4AF2A1AEB9800E7C458 /* Base */ = {isa = PBXFileReference; lastKnownFileType = file.storyboard; name = Base; path = Base.lproj/Main.storyboard; sourceTree = "<group>"; };
		285BA4B22A1AEB9800E7C458 /* CoreCloudApp.xcdatamodel */ = {isa = PBXFileReference; lastKnownFileType = wrapper.xcdatamodel; path = CoreCloudApp.xcdatamodel; sourceTree = "<group>"; };
		285BA4B42A1AEB9900E7C458 /* Assets.xcassets */ = {isa = PBXFileReference; lastKnownFileType = folder.assetcatalog; path = Assets.xcassets; sourceTree = "<group>"; };
		285BA4B72A1AEB9900E7C458 /* Base */ = {isa = PBXFileReference; lastKnownFileType = file.storyboard; name = Base; path = Base.lproj/LaunchScreen.storyboard; sourceTree = "<group>"; };
		285BA4B92A1AEB9900E7C458 /* Info.plist */ = {isa = PBXFileReference; lastKnownFileType = text.plist.xml; path = Info.plist; sourceTree = "<group>"; };
/* End PBXFileReference section */

/* Begin PBXFrameworksBuildPhase section */
		285BA4A22A1AEB9800E7C458 /* Frameworks */ = {
			isa = PBXFrameworksBuildPhase;
			buildActionMask = 2147483647;
			files = (
			);
			runOnlyForDeploymentPostprocessing = 0;
		};
/* End PBXFrameworksBuildPhase section */

/* Begin PBXGroup section */
		285BA49C2A1AEB9800E7C458 = {
			isa = PBXGroup;
			children = (
				285BA4A72A1AEB9800E7C458 /* CoreCloudApp */,
				285BA4A62A1AEB9800E7C458 /* Products */,
			);
			sourceTree = "<group>";
		};
		285BA4A62A1AEB9800E7C458 /* Products */ = {
			isa = PBXGroup;
			children = (
				285BA4A52A1AEB9800E7C458 /* CoreCloudApp.app */,
			);
			name = Products;
			sourceTree = "<group>";
		};
		285BA4A72A1AEB9800E7C458 /* CoreCloudApp */ = {
			isa = PBXGroup;
			children = (
				285BA4A82A1AEB9800E7C458 /* AppDelegate.swift */,
				285BA4AA2A1AEB9800E7C458 /* SceneDelegate.swift */,
				285BA4AC2A1AEB9800E7C458 /* ViewController.swift */,
				285BA4AE2A1AEB9800E7C458 /* Main.storyboard */,
				285BA4B42A1AEB9900E7C458 /* Assets.xcassets */,
				285BA4B62A1AEB9900E7C458 /* LaunchScreen.storyboard */,
				285BA4B92A1AEB9900E7C458 /* Info.plist */,
				285BA4B12A1AEB9800E7C458 /* CoreCloudApp.xcdatamodeld */,
			);
			path = CoreCloudApp;
			sourceTree = "<group>";
		};
/* End PBXGroup section */

/* Begin PBXNativeTarget section */
		285BA4A42A1AEB9800E7C458 /* CoreCloudApp */ = {
			isa = PBXNativeTarget;
			buildConfigurationList = 285BA4BC2A1AEB9900E7C458 /* Build configuration list for PBXNativeTarget "CoreCloudApp" */;
			buildPhases = (
				285BA4A12A1AEB9800E7C458 /* Sources */,
				285BA4A22A1AEB9800E7C458 /* Frameworks */,
				285BA4A32A1AEB9800E7C458 /* Resources */,
			);
			buildRules = (
			);
			dependencies = (
			);
			name = CoreCloudApp;
			productName = CoreCloudApp;
			productReference = 285BA4A52A1AEB9800E7C458 /* CoreCloudApp.app */;
			productType = "com.apple.product-type.application";
		};
/* End PBXNativeTarget section */

/* Begin PBXProject section */
		285BA49D2A1AEB9800E7C458 /* Project object */ = {
			isa = PBXProject;
			attributes = {
				BuildIndependentTargetsInParallel = 1;
				LastSwiftUpdateCheck = 1430;
				LastUpgradeCheck = 1430;
				TargetAttributes = {
					285BA4A42A1AEB9800E7C458 = {
						CreatedOnToolsVersion = 14.3;
					};
				};
			};
			buildConfigurationList = 285BA4A02A1AEB9800E7C458 /* Build configuration list for PBXProject "CoreCloudApp" */;
			compatibilityVersion = "Xcode 14.0";
			developmentRegion = en;
			hasScannedForEncodings = 0;
			knownRegions = (
				en,
				Base,
			);
			mainGroup = 285BA49C2A1AEB9800E7C458;
			productRefGroup = 285BA4A62A1AEB9800E7C458 /* Products */;
			projectDirPath = "";
			projectRoot = "";
			targets = (
				285BA4A42A1AEB9800E7C458 /* CoreCloudApp */,
			);
		};
/* End PBXProject section */

/* Begin PBXResourcesBuildPhase section */
		285BA4A32A1AEB9800E7C458 /* Resources */ = {
			isa = PBXResourcesBuildPhase;
			buildActionMask = 2147483647;
			files = (
				285BA4B82A1AEB9900E7C458 /* LaunchScreen.storyboard in Resources */,
				285BA4B52A1AEB9900E7C458 /* Assets.xcassets in Resources */,
				285BA4B02A1AEB9800E7C458 /* Main.storyboard in Resources */,
			);
			runOnlyForDeploymentPostprocessing = 0;
		};
/* End PBXResourcesBuildPhase section */

/* Begin PBXSourcesBuildPhase section */
		285BA4A12A1AEB9800E7C458 /* Sources */ = {
			isa = PBXSourcesBuildPhase;
			buildActionMask = 2147483647;
			files = (
				285BA4AD2A1AEB9800E7C458 /* ViewController.swift in Sources */,
				285BA4A92A1AEB9800E7C458 /* AppDelegate.swift in Sources */,
				285BA4B32A1AEB9800E7C458 /* CoreCloudApp.xcdatamodeld in Sources */,
				285BA4AB2A1AEB9800E7C458 /* SceneDelegate.swift in Sources */,
			);
			runOnlyForDeploymentPostprocessing = 0;
		};
/* End PBXSourcesBuildPhase section */

/* Begin PBXVariantGroup section */
		285BA4AE2A1AEB9800E7C458 /* Main.storyboard */ = {
			isa = PBXVariantGroup;
			children = (
				285BA4AF2A1AEB9800E7C458 /* Base */,
			);
			name = Main.storyboard;
			sourceTree = "<group>";
		};
		285BA4B62A1AEB9900E7C458 /* LaunchScreen.storyboard */ = {
			isa = PBXVariantGroup;
			children = (
				285BA4B72A1AEB9900E7C458 /* Base */,
			);
			name = LaunchScreen.storyboard;
			sourceTree = "<group>";
		};
/* End PBXVariantGroup section */

/* Begin XCBuildConfiguration section */
		285BA4BA2A1AEB9900E7C458 /* Debug */ = {
			isa = XCBuildConfiguration;
			buildSettings = {
				ALWAYS_SEARCH_USER_PATHS = NO;
				CLANG_ANALYZER_NONNULL = YES;
				CLANG_ANALYZER_NUMBER_OBJECT_CONVERSION = YES_AGGRESSIVE;
				CLANG_CXX_LANGUAGE_STANDARD = "gnu++20";
				CLANG_ENABLE_MODULES = YES;
				CLANG_ENABLE_OBJC_ARC = YES;
				CLANG_ENABLE_OBJC_WEAK = YES;
				CLANG_WARN_BLOCK_CAPTURE_AUTORELEASING = YES;
				CLANG_WARN_BOOL_CONVERSION = YES;
				CLANG_WARN_COMMA = YES;
				CLANG_WARN_CONSTANT_CONVERSION = YES;
				CLANG_WARN_DEPRECATED_OBJC_IMPLEMENTATIONS = YES;
				CLANG_WARN_DIRECT_OBJC_ISA_USAGE = YES_ERROR;
				CLANG_WARN_DOCUMENTATION_COMMENTS = YES;
				CLANG_WARN_EMPTY_BODY = YES;
				CLANG_WARN_ENUM_CONVERSION = YES;
				CLANG_WARN_INFINITE_RECURSION = YES;
				CLANG_WARN_INT_CONVERSION = YES;
				CLANG_WARN_NON_LITERAL_NULL_CONVERSION = YES;
				CLANG_WARN_OBJC_IMPLICIT_RETAIN_SELF = YES;
				CLANG_WARN_OBJC_LITERAL_CONVERSION = YES;
				CLANG_WARN_OBJC_ROOT_CLASS = YES_ERROR;
				CLANG_WARN_QUOTED_INCLUDE_IN_FRAMEWORK_HEADER = YES;
				CLANG_WARN_RANGE_LOOP_ANALYSIS = YES;
				CLANG_WARN_STRICT_PROTOTYPES = YES;
				CLANG_WARN_SUSPICIOUS_MOVE = YES;
				CLANG_WARN_UNGUARDED_AVAILABILITY = YES_AGGRESSIVE;
				CLANG_WARN_UNREACHABLE_CODE = YES;
				CLANG_WARN__DUPLICATE_METHOD_MATCH = YES;
				COPY_PHASE_STRIP = NO;
				DEBUG_INFORMATION_FORMAT = dwarf;
				ENABLE_STRICT_OBJC_MSGSEND = YES;
				ENABLE_TESTABILITY = YES;
				GCC_C_LANGUAGE_STANDARD = gnu11;
				GCC_DYNAMIC_NO_PIC = NO;
				GCC_NO_COMMON_BLOCKS = YES;
				GCC_OPTIMIZATION_LEVEL = 0;
				GCC_PREPROCESSOR_DEFINITIONS = (
					"DEBUG=1",
					"$(inherited)",
				);
				GCC_WARN_64_TO_32_BIT_CONVERSION = YES;
				GCC_WARN_ABOUT_RETURN_TYPE = YES_ERROR;
				GCC_WARN_UNDECLARED_SELECTOR = YES;
				GCC_WARN_UNINITIALIZED_AUTOS = YES_AGGRESSIVE;
				GCC_WARN_UNUSED_FUNCTION = YES;
				GCC_WARN_UNUSED_VARIABLE = YES;
				IPHONEOS_DEPLOYMENT_TARGET = 16.4;
				MTL_ENABLE_DEBUG_INFO = INCLUDE_SOURCE;
				MTL_FAST_MATH = YES;
				ONLY_ACTIVE_ARCH = YES;
				SDKROOT = iphoneos;
				SWIFT_ACTIVE_COMPILATION_CONDITIONS = DEBUG;
				SWIFT_OPTIMIZATION_LEVEL = "-Onone";
			};
			name = Debug;
		};
		285BA4BB2A1AEB9900E7C458 /* Release */ = {
			isa = XCBuildConfiguration;
			buildSettings = {
				ALWAYS_SEARCH_USER_PATHS = NO;
				CLANG_ANALYZER_NONNULL = YES;
				CLANG_ANALYZER_NUMBER_OBJECT_CONVERSION = YES_AGGRESSIVE;
				CLANG_CXX_LANGUAGE_STANDARD = "gnu++20";
				CLANG_ENABLE_MODULES = YES;
				CLANG_ENABLE_OBJC_ARC = YES;
				CLANG_ENABLE_OBJC_WEAK = YES;
				CLANG_WARN_BLOCK_CAPTURE_AUTORELEASING = YES;
				CLANG_WARN_BOOL_CONVERSION = YES;
				CLANG_WARN_COMMA = YES;
				CLANG_WARN_CONSTANT_CONVERSION = YES;
				CLANG_WARN_DEPRECATED_OBJC_IMPLEMENTATIONS = YES;
				CLANG_WARN_DIRECT_OBJC_ISA_USAGE = YES_ERROR;
				CLANG_WARN_DOCUMENTATION_COMMENTS = YES;
				CLANG_WARN_EMPTY_BODY = YES;
				CLANG_WARN_ENUM_CONVERSION = YES;
				CLANG_WARN_INFINITE_RECURSION = YES;
				CLANG_WARN_INT_CONVERSION = YES;
				CLANG_WARN_NON_LITERAL_NULL_CONVERSION = YES;
				CLANG_WARN_OBJC_IMPLICIT_RETAIN_SELF = YES;
				CLANG_WARN_OBJC_LITERAL_CONVERSION = YES;
				CLANG_WARN_OBJC_ROOT_CLASS = YES_ERROR;
				CLANG_WARN_QUOTED_INCLUDE_IN_FRAMEWORK_HEADER = YES;
				CLANG_WARN_RANGE_LOOP_ANALYSIS = YES;
				CLANG_WARN_STRICT_PROTOTYPES = YES;
				CLANG_WARN_SUSPICIOUS_MOVE = YES;
				CLANG_WARN_UNGUARDED_AVAILABILITY = YES_AGGRESSIVE;
				CLANG_WARN_UNREACHABLE_CODE = YES;
				CLANG_WARN__DUPLICATE_METHOD_MATCH = YES;
				COPY_PHASE_STRIP = NO;
				DEBUG_INFORMATION_FORMAT = "dwarf-with-dsym";
				ENABLE_NS_ASSERTIONS = NO;
				ENABLE_STRICT_OBJC_MSGSEND = YES;
				GCC_C_LANGUAGE_STANDARD = gnu11;
				GCC_NO_COMMON_BLOCKS = YES;
				GCC_WARN_64_TO_32_BIT_CONVERSION = YES;
				GCC_WARN_ABOUT_RETURN_TYPE = YES_ERROR;
				GCC_WARN_UNDECLARED_SELECTOR = YES;
				GCC_WARN_UNINITIALIZED_AUTOS = YES_AGGRESSIVE;
				GCC_WARN_UNUSED_FUNCTION = YES;
				GCC_WARN_UNUSED_VARIABLE = YES;
				IPHONEOS_DEPLOYMENT_TARGET = 16.4;
				MTL_ENABLE_DEBUG_INFO = NO;
				MTL_FAST_MATH = YES;
				SDKROOT = iphoneos;
				SWIFT_COMPILATION_MODE = wholemodule;
				SWIFT_OPTIMIZATION_LEVEL = "-O";
				VALIDATE_PRODUCT = YES;
			};
			name = Release;
		};
		285BA4BD2A1AEB9900E7C458 /* Debug */ = {
			isa = XCBuildConfiguration;
			buildSettings = {
				ASSETCATALOG_COMPILER_APPICON_NAME = AppIcon;
				ASSETCATALOG_COMPILER_GLOBAL_ACCENT_COLOR_NAME = AccentColor;
				CODE_SIGN_STYLE = Automatic;
				CURRENT_PROJECT_VERSION = 1;
				DEVELOPMENT_TEAM = XJ57BXJG95;
				GENERATE_INFOPLIST_FILE = YES;
				INFOPLIST_FILE = CoreCloudApp/Info.plist;
				INFOPLIST_KEY_UIApplicationSupportsIndirectInputEvents = YES;
				INFOPLIST_KEY_UILaunchStoryboardName = LaunchScreen;
				INFOPLIST_KEY_UIMainStoryboardFile = Main;
				INFOPLIST_KEY_UISupportedInterfaceOrientations_iPad = "UIInterfaceOrientationPortrait UIInterfaceOrientationPortraitUpsideDown UIInterfaceOrientationLandscapeLeft UIInterfaceOrientationLandscapeRight";
				INFOPLIST_KEY_UISupportedInterfaceOrientations_iPhone = "UIInterfaceOrientationPortrait UIInterfaceOrientationLandscapeLeft UIInterfaceOrientationLandscapeRight";
				LD_RUNPATH_SEARCH_PATHS = (
					"$(inherited)",
					"@executable_path/Frameworks",
				);
				MARKETING_VERSION = 1.0;
				PRODUCT_BUNDLE_IDENTIFIER = GG.CoreCloudApp;
				PRODUCT_NAME = "$(TARGET_NAME)";
				SWIFT_EMIT_LOC_STRINGS = YES;
				SWIFT_VERSION = 5.0;
				TARGETED_DEVICE_FAMILY = "1,2";
			};
			name = Debug;
		};
		285BA4BE2A1AEB9900E7C458 /* Release */ = {
			isa = XCBuildConfiguration;
			buildSettings = {
				ASSETCATALOG_COMPILER_APPICON_NAME = AppIcon;
				ASSETCATALOG_COMPILER_GLOBAL_ACCENT_COLOR_NAME = AccentColor;
				CODE_SIGN_STYLE = Automatic;
				CURRENT_PROJECT_VERSION = 1;
				DEVELOPMENT_TEAM = XJ57BXJG95;
				GENERATE_INFOPLIST_FILE = YES;
				INFOPLIST_FILE = CoreCloudApp/Info.plist;
				INFOPLIST_KEY_UIApplicationSupportsIndirectInputEvents = YES;
				INFOPLIST_KEY_UILaunchStoryboardName = LaunchScreen;
				INFOPLIST_KEY_UIMainStoryboardFile = Main;
				INFOPLIST_KEY_UISupportedInterfaceOrientations_iPad = "UIInterfaceOrientationPortrait UIInterfaceOrientationPortraitUpsideDown UIInterfaceOrientationLandscapeLeft UIInterfaceOrientationLandscapeRight";
				INFOPLIST_KEY_UISupportedInterfaceOrientations_iPhone = "UIInterfaceOrientationPortrait UIInterfaceOrientationLandscapeLeft UIInterfaceOrientationLandscapeRight";
				LD_RUNPATH_SEARCH_PATHS = (
					"$(inherited)",
					"@executable_path/Frameworks",
				);
				MARKETING_VERSION = 1.0;
				PRODUCT_BUNDLE_IDENTIFIER = GG.CoreCloudApp;
				PRODUCT_NAME = "$(TARGET_NAME)";
				SWIFT_EMIT_LOC_STRINGS = YES;
				SWIFT_VERSION = 5.0;
				TARGETED_DEVICE_FAMILY = "1,2";
			};
			name = Release;
		};
/* End XCBuildConfiguration section */

/* Begin XCConfigurationList section */
		285BA4A02A1AEB9800E7C458 /* Build configuration list for PBXProject "CoreCloudApp" */ = {
			isa = XCConfigurationList;
			buildConfigurations = (
				285BA4BA2A1AEB9900E7C458 /* Debug */,
				285BA4BB2A1AEB9900E7C458 /* Release */,
			);
			defaultConfigurationIsVisible = 0;
			defaultConfigurationName = Release;
		};
		285BA4BC2A1AEB9900E7C458 /* Build configuration list for PBXNativeTarget "CoreCloudApp" */ = {
			isa = XCConfigurationList;
			buildConfigurations = (
				285BA4BD2A1AEB9900E7C458 /* Debug */,
				285BA4BE2A1AEB9900E7C458 /* Release */,
			);
			defaultConfigurationIsVisible = 0;
			defaultConfigurationName = Release;
		};
/* End XCConfigurationList section */

/* Begin XCVersionGroup section */
		285BA4B12A1AEB9800E7C458 /* CoreCloudApp.xcdatamodeld */ = {
			isa = XCVersionGroup;
			children = (
				285BA4B22A1AEB9800E7C458 /* CoreCloudApp.xcdatamodel */,
			);
			currentVersion = 285BA4B22A1AEB9800E7C458 /* CoreCloudApp.xcdatamodel */;
			path = CoreCloudApp.xcdatamodeld;
			sourceTree = "<group>";
			versionGroupType = wrapper.xcdatamodel;
		};
/* End XCVersionGroup section */
	};
	rootObject = 285BA49D2A1AEB9800E7C458 /* Project object */;
}
